
Microsoft Visual Studio Solution File, Format Version 12.00
# Visual Studio Version 16
VisualStudioVersion = 16.0.31205.134
MinimumVisualStudioVersion = 10.0.40219.1
Project("{FAE04EC0-301F-11D3-BF4B-00C04F79EFBC}") = "Dice.Android", "Dice\Dice.Android\Dice.Android.csproj", "{DD943689-E672-456A-90FC-65BB1CA78BFB}"
EndProject
Project("{FAE04EC0-301F-11D3-BF4B-00C04F79EFBC}") = "Dice", "Dice\Dice\Dice.csproj", "{9F761A04-F53A-45AD-84A3-F351104BD74B}"
EndProject
Global
	GlobalSection(SolutionConfigurationPlatforms) = preSolution
		Debug|Any CPU = Debug|Any CPU
		Release|Any CPU = Release|Any CPU
	EndGlobalSection
	GlobalSection(ProjectConfigurationPlatforms) = postSolution
		{DD943689-E672-456A-90FC-65BB1CA78BFB}.Debug|Any CPU.ActiveCfg = Debug|Any CPU
		{DD943689-E672-456A-90FC-65BB1CA78BFB}.Debug|Any CPU.Build.0 = Debug|Any CPU
		{DD943689-E672-456A-90FC-65BB1CA78BFB}.Debug|Any CPU.Deploy.0 = Debug|Any CPU
		{DD943689-E672-456A-90FC-65BB1CA78BFB}.Release|Any CPU.ActiveCfg = Release|Any CPU
		{DD943689-E672-456A-90FC-65BB1CA78BFB}.Release|Any CPU.Build.0 = Release|Any CPU
		{DD943689-E672-456A-90FC-65BB1CA78BFB}.Release|Any CPU.Deploy.0 = Release|Any CPU
		{9F761A04-F53A-45AD-84A3-F351104BD74B}.Debug|Any CPU.ActiveCfg = Debug|Any CPU
		{9F761A04-F53A-45AD-84A3-F351104BD74B}.Debug|Any CPU.Build.0 = Debug|Any CPU
		{9F761A04-F53A-45AD-84A3-F351104BD74B}.Debug|Any CPU.Deploy.0 = Debug|Any CPU
		{9F761A04-F53A-45AD-84A3-F351104BD74B}.Release|Any CPU.ActiveCfg = Release|Any CPU
		{9F761A04-F53A-45AD-84A3-F351104BD74B}.Release|Any CPU.Build.0 = Release|Any CPU
		{9F761A04-F53A-45AD-84A3-F351104BD74B}.Release|Any CPU.Deploy.0 = Release|Any CPU
	EndGlobalSection
	GlobalSection(SolutionProperties) = preSolution
		HideSolutionNode = FALSE
	EndGlobalSection
	GlobalSection(ExtensibilityGlobals) = postSolution
		SolutionGuid = {78303B83-709E-484A-969F-F3100B887BE0}
	EndGlobalSection
EndGlobal
